
Microsoft Visual Studio Solution File, Format Version 12.00
# Visual Studio Version 16
VisualStudioVersion = 16.0.29911.84
MinimumVisualStudioVersion = 10.0.40219.1
Project("{FAE04EC0-301F-11D3-BF4B-00C04F79EFBC}") = "Domain", "Domain\Domain.csproj", "{1356FECC-B3E9-4C44-8B5C-FF8D191D03FB}"
EndProject
Project("{9A19103F-16F7-4668-BE54-9A1E7A4F7556}") = "GRPCBuilder", "GRPC\GRPCBuilder.csproj", "{28C11D5E-0D8C-4EE5-9C50-F7C34E379E20}"
EndProject
Project("{FAE04EC0-301F-11D3-BF4B-00C04F79EFBC}") = "ClientRPC", "ClientRPC\ClientRPC.csproj", "{0928AA48-C7BB-4272-9ECC-16BD98DA856C}"
EndProject
Global
	GlobalSection(SolutionConfigurationPlatforms) = preSolution
		Debug|Any CPU = Debug|Any CPU
		Release|Any CPU = Release|Any CPU
	EndGlobalSection
	GlobalSection(ProjectConfigurationPlatforms) = postSolution
		{1356FECC-B3E9-4C44-8B5C-FF8D191D03FB}.Debug|Any CPU.ActiveCfg = Debug|Any CPU
		{1356FECC-B3E9-4C44-8B5C-FF8D191D03FB}.Debug|Any CPU.Build.0 = Debug|Any CPU
		{1356FECC-B3E9-4C44-8B5C-FF8D191D03FB}.Release|Any CPU.ActiveCfg = Release|Any CPU
		{1356FECC-B3E9-4C44-8B5C-FF8D191D03FB}.Release|Any CPU.Build.0 = Release|Any CPU
		{28C11D5E-0D8C-4EE5-9C50-F7C34E379E20}.Debug|Any CPU.ActiveCfg = Debug|Any CPU
		{28C11D5E-0D8C-4EE5-9C50-F7C34E379E20}.Debug|Any CPU.Build.0 = Debug|Any CPU
		{28C11D5E-0D8C-4EE5-9C50-F7C34E379E20}.Release|Any CPU.ActiveCfg = Release|Any CPU
		{28C11D5E-0D8C-4EE5-9C50-F7C34E379E20}.Release|Any CPU.Build.0 = Release|Any CPU
		{0928AA48-C7BB-4272-9ECC-16BD98DA856C}.Debug|Any CPU.ActiveCfg = Debug|Any CPU
		{0928AA48-C7BB-4272-9ECC-16BD98DA856C}.Debug|Any CPU.Build.0 = Debug|Any CPU
		{0928AA48-C7BB-4272-9ECC-16BD98DA856C}.Release|Any CPU.ActiveCfg = Release|Any CPU
		{0928AA48-C7BB-4272-9ECC-16BD98DA856C}.Release|Any CPU.Build.0 = Release|Any CPU
	EndGlobalSection
	GlobalSection(SolutionProperties) = preSolution
		HideSolutionNode = FALSE
	EndGlobalSection
	GlobalSection(ExtensibilityGlobals) = postSolution
		SolutionGuid = {210807F6-4370-48A0-B9C6-BF6D8C9542FF}
	EndGlobalSection
EndGlobal
